
Microsoft Visual Studio Solution File, Format Version 12.00
# Visual Studio Version 17
VisualStudioVersion = 17.7.34202.233
MinimumVisualStudioVersion = 10.0.40219.1
Project("{FAE04EC0-301F-11D3-BF4B-00C04F79EFBC}") = "Blazor.Components.Popup", "Blazor.Components.Popup\Blazor.Components.Popup.csproj", "{9DD152AE-AF93-4AA1-9CFA-2FD632456D34}"
EndProject
Global
	GlobalSection(SolutionConfigurationPlatforms) = preSolution
		Debug|Any CPU = Debug|Any CPU
		Release|Any CPU = Release|Any CPU
	EndGlobalSection
	GlobalSection(ProjectConfigurationPlatforms) = postSolution
		{9DD152AE-AF93-4AA1-9CFA-2FD632456D34}.Debug|Any CPU.ActiveCfg = Debug|Any CPU
		{9DD152AE-AF93-4AA1-9CFA-2FD632456D34}.Debug|Any CPU.Build.0 = Debug|Any CPU
		{9DD152AE-AF93-4AA1-9CFA-2FD632456D34}.Release|Any CPU.ActiveCfg = Release|Any CPU
		{9DD152AE-AF93-4AA1-9CFA-2FD632456D34}.Release|Any CPU.Build.0 = Release|Any CPU
	EndGlobalSection
	GlobalSection(SolutionProperties) = preSolution
		HideSolutionNode = FALSE
	EndGlobalSection
	GlobalSection(ExtensibilityGlobals) = postSolution
		SolutionGuid = {42069547-74C6-496A-81B7-5974D788E23D}
	EndGlobalSection
EndGlobal
